
Microsoft Visual Studio Solution File, Format Version 12.00
# Visual Studio 15
VisualStudioVersion = 15.0.27130.2027
MinimumVisualStudioVersion = 10.0.40219.1
Project("{FAE04EC0-301F-11D3-BF4B-00C04F79EFBC}") = "Project.Macaw.Sntxrrr", "src\Project\Macaw\Sntxrrr\code\Project.Macaw.Sntxrrr.csproj", "{7FCB5740-A842-4188-905E-B9B7133A8C86}"
EndProject
Global
	GlobalSection(SolutionConfigurationPlatforms) = preSolution
		Debug|Any CPU = Debug|Any CPU
		Release|Any CPU = Release|Any CPU
	EndGlobalSection
	GlobalSection(ProjectConfigurationPlatforms) = postSolution
		{7FCB5740-A842-4188-905E-B9B7133A8C86}.Debug|Any CPU.ActiveCfg = Debug|Any CPU
		{7FCB5740-A842-4188-905E-B9B7133A8C86}.Debug|Any CPU.Build.0 = Debug|Any CPU
		{7FCB5740-A842-4188-905E-B9B7133A8C86}.Release|Any CPU.ActiveCfg = Release|Any CPU
		{7FCB5740-A842-4188-905E-B9B7133A8C86}.Release|Any CPU.Build.0 = Release|Any CPU
	EndGlobalSection
	GlobalSection(SolutionProperties) = preSolution
		HideSolutionNode = FALSE
	EndGlobalSection
	GlobalSection(ExtensibilityGlobals) = postSolution
		SolutionGuid = {F65D114A-4446-4EEB-972F-1DAA3DBD8563}
	EndGlobalSection
EndGlobal
